// !$*UTF8*$!
{
	archiveVersion = 1;
	classes = {
	};
	objectVersion = 46;
	objects = {

/* Begin PBXBuildFile section */
		F47358891B443DAB007688EC /* CADisplayLink+EthanolBlocks.h in Headers */ = {isa = PBXBuildFile; fileRef = F47358761B443DAB007688EC /* CADisplayLink+EthanolBlocks.h */; settings = {ATTRIBUTES = (Public, ); }; };
		F473588A1B443DAB007688EC /* CADisplayLink+EthanolBlocks.m in Sources */ = {isa = PBXBuildFile; fileRef = F47358771B443DAB007688EC /* CADisplayLink+EthanolBlocks.m */; };
		F473588B1B443DAB007688EC /* EthanolArrayUtilities.swift in Sources */ = {isa = PBXBuildFile; fileRef = F47358781B443DAB007688EC /* EthanolArrayUtilities.swift */; };
		F473588C1B443DAB007688EC /* EthanolSwiftHelpers.swift in Sources */ = {isa = PBXBuildFile; fileRef = F47358791B443DAB007688EC /* EthanolSwiftHelpers.swift */; };
		F473588D1B443DAB007688EC /* ETHPreprocessorUtils.h in Headers */ = {isa = PBXBuildFile; fileRef = F473587A1B443DAB007688EC /* ETHPreprocessorUtils.h */; settings = {ATTRIBUTES = (Public, ); }; };
		F473588E1B443DAB007688EC /* NSArray+Ethanol.h in Headers */ = {isa = PBXBuildFile; fileRef = F473587B1B443DAB007688EC /* NSArray+Ethanol.h */; settings = {ATTRIBUTES = (Public, ); }; };
		F473588F1B443DAB007688EC /* NSArray+Ethanol.m in Sources */ = {isa = PBXBuildFile; fileRef = F473587C1B443DAB007688EC /* NSArray+Ethanol.m */; };
		F47358901B443DAB007688EC /* NSDictionary+Ethanol.h in Headers */ = {isa = PBXBuildFile; fileRef = F473587D1B443DAB007688EC /* NSDictionary+Ethanol.h */; settings = {ATTRIBUTES = (Public, ); }; };
		F47358911B443DAB007688EC /* NSDictionary+Ethanol.m in Sources */ = {isa = PBXBuildFile; fileRef = F473587E1B443DAB007688EC /* NSDictionary+Ethanol.m */; };
		F47358921B443DAB007688EC /* NSObject+EthanolExecuteOnDealloc.h in Headers */ = {isa = PBXBuildFile; fileRef = F473587F1B443DAB007688EC /* NSObject+EthanolExecuteOnDealloc.h */; settings = {ATTRIBUTES = (Public, ); }; };
		F47358931B443DAB007688EC /* NSObject+EthanolExecuteOnDealloc.m in Sources */ = {isa = PBXBuildFile; fileRef = F47358801B443DAB007688EC /* NSObject+EthanolExecuteOnDealloc.m */; };
		F47358941B443DAB007688EC /* NSObject+EthanolSwizzling.h in Headers */ = {isa = PBXBuildFile; fileRef = F47358811B443DAB007688EC /* NSObject+EthanolSwizzling.h */; settings = {ATTRIBUTES = (Public, ); }; };
		F47358951B443DAB007688EC /* NSObject+EthanolSwizzling.m in Sources */ = {isa = PBXBuildFile; fileRef = F47358821B443DAB007688EC /* NSObject+EthanolSwizzling.m */; };
		F47358961B443DAB007688EC /* NSSet+Ethanol.h in Headers */ = {isa = PBXBuildFile; fileRef = F47358831B443DAB007688EC /* NSSet+Ethanol.h */; settings = {ATTRIBUTES = (Public, ); }; };
		F47358971B443DAB007688EC /* NSSet+Ethanol.m in Sources */ = {isa = PBXBuildFile; fileRef = F47358841B443DAB007688EC /* NSSet+Ethanol.m */; };
		F47358981B443DAB007688EC /* NSString+EthanolUtils.h in Headers */ = {isa = PBXBuildFile; fileRef = F47358851B443DAB007688EC /* NSString+EthanolUtils.h */; settings = {ATTRIBUTES = (Public, ); }; };
		F47358991B443DAB007688EC /* NSString+EthanolUtils.m in Sources */ = {isa = PBXBuildFile; fileRef = F47358861B443DAB007688EC /* NSString+EthanolUtils.m */; };
		F473589A1B443DAB007688EC /* NSTimer+EthanolBlocks.h in Headers */ = {isa = PBXBuildFile; fileRef = F47358871B443DAB007688EC /* NSTimer+EthanolBlocks.h */; settings = {ATTRIBUTES = (Public, ); }; };
		F473589B1B443DAB007688EC /* NSTimer+EthanolBlocks.m in Sources */ = {isa = PBXBuildFile; fileRef = F47358881B443DAB007688EC /* NSTimer+EthanolBlocks.m */; };
		F4C14E041B43294C003D1286 /* EthanolUtilities.framework in Frameworks */ = {isa = PBXBuildFile; fileRef = F4C14DF91B43294C003D1286 /* EthanolUtilities.framework */; };
		F4C14E091B43294C003D1286 /* EthanolUtilitiesTests.m in Sources */ = {isa = PBXBuildFile; fileRef = F4C14E081B43294C003D1286 /* EthanolUtilitiesTests.m */; };
/* End PBXBuildFile section */

/* Begin PBXContainerItemProxy section */
		F4C14E051B43294C003D1286 /* PBXContainerItemProxy */ = {
			isa = PBXContainerItemProxy;
			containerPortal = F4C14DF01B43294C003D1286 /* Project object */;
			proxyType = 1;
			remoteGlobalIDString = F4C14DF81B43294C003D1286;
			remoteInfo = EthanolUtilities;
		};
/* End PBXContainerItemProxy section */

/* Begin PBXFileReference section */
		F47358761B443DAB007688EC /* CADisplayLink+EthanolBlocks.h */ = {isa = PBXFileReference; fileEncoding = 4; lastKnownFileType = sourcecode.c.h; path = "CADisplayLink+EthanolBlocks.h"; sourceTree = "<group>"; };
		F47358771B443DAB007688EC /* CADisplayLink+EthanolBlocks.m */ = {isa = PBXFileReference; fileEncoding = 4; lastKnownFileType = sourcecode.c.objc; path = "CADisplayLink+EthanolBlocks.m"; sourceTree = "<group>"; };
		F47358781B443DAB007688EC /* EthanolArrayUtilities.swift */ = {isa = PBXFileReference; fileEncoding = 4; lastKnownFileType = sourcecode.swift; path = EthanolArrayUtilities.swift; sourceTree = "<group>"; };
		F47358791B443DAB007688EC /* EthanolSwiftHelpers.swift */ = {isa = PBXFileReference; fileEncoding = 4; lastKnownFileType = sourcecode.swift; path = EthanolSwiftHelpers.swift; sourceTree = "<group>"; };
		F473587A1B443DAB007688EC /* ETHPreprocessorUtils.h */ = {isa = PBXFileReference; fileEncoding = 4; lastKnownFileType = sourcecode.c.h; path = ETHPreprocessorUtils.h; sourceTree = "<group>"; };
		F473587B1B443DAB007688EC /* NSArray+Ethanol.h */ = {isa = PBXFileReference; fileEncoding = 4; lastKnownFileType = sourcecode.c.h; path = "NSArray+Ethanol.h"; sourceTree = "<group>"; };
		F473587C1B443DAB007688EC /* NSArray+Ethanol.m */ = {isa = PBXFileReference; fileEncoding = 4; lastKnownFileType = sourcecode.c.objc; path = "NSArray+Ethanol.m"; sourceTree = "<group>"; };
		F473587D1B443DAB007688EC /* NSDictionary+Ethanol.h */ = {isa = PBXFileReference; fileEncoding = 4; lastKnownFileType = sourcecode.c.h; path = "NSDictionary+Ethanol.h"; sourceTree = "<group>"; };
		F473587E1B443DAB007688EC /* NSDictionary+Ethanol.m */ = {isa = PBXFileReference; fileEncoding = 4; lastKnownFileType = sourcecode.c.objc; path = "NSDictionary+Ethanol.m"; sourceTree = "<group>"; };
		F473587F1B443DAB007688EC /* NSObject+EthanolExecuteOnDealloc.h */ = {isa = PBXFileReference; fileEncoding = 4; lastKnownFileType = sourcecode.c.h; path = "NSObject+EthanolExecuteOnDealloc.h"; sourceTree = "<group>"; };
		F47358801B443DAB007688EC /* NSObject+EthanolExecuteOnDealloc.m */ = {isa = PBXFileReference; fileEncoding = 4; lastKnownFileType = sourcecode.c.objc; path = "NSObject+EthanolExecuteOnDealloc.m"; sourceTree = "<group>"; };
		F47358811B443DAB007688EC /* NSObject+EthanolSwizzling.h */ = {isa = PBXFileReference; fileEncoding = 4; lastKnownFileType = sourcecode.c.h; path = "NSObject+EthanolSwizzling.h"; sourceTree = "<group>"; };
		F47358821B443DAB007688EC /* NSObject+EthanolSwizzling.m */ = {isa = PBXFileReference; fileEncoding = 4; lastKnownFileType = sourcecode.c.objc; path = "NSObject+EthanolSwizzling.m"; sourceTree = "<group>"; };
		F47358831B443DAB007688EC /* NSSet+Ethanol.h */ = {isa = PBXFileReference; fileEncoding = 4; lastKnownFileType = sourcecode.c.h; path = "NSSet+Ethanol.h"; sourceTree = "<group>"; };
		F47358841B443DAB007688EC /* NSSet+Ethanol.m */ = {isa = PBXFileReference; fileEncoding = 4; lastKnownFileType = sourcecode.c.objc; path = "NSSet+Ethanol.m"; sourceTree = "<group>"; };
		F47358851B443DAB007688EC /* NSString+EthanolUtils.h */ = {isa = PBXFileReference; fileEncoding = 4; lastKnownFileType = sourcecode.c.h; path = "NSString+EthanolUtils.h"; sourceTree = "<group>"; };
		F47358861B443DAB007688EC /* NSString+EthanolUtils.m */ = {isa = PBXFileReference; fileEncoding = 4; lastKnownFileType = sourcecode.c.objc; path = "NSString+EthanolUtils.m"; sourceTree = "<group>"; };
		F47358871B443DAB007688EC /* NSTimer+EthanolBlocks.h */ = {isa = PBXFileReference; fileEncoding = 4; lastKnownFileType = sourcecode.c.h; path = "NSTimer+EthanolBlocks.h"; sourceTree = "<group>"; };
		F47358881B443DAB007688EC /* NSTimer+EthanolBlocks.m */ = {isa = PBXFileReference; fileEncoding = 4; lastKnownFileType = sourcecode.c.objc; path = "NSTimer+EthanolBlocks.m"; sourceTree = "<group>"; };
		F4C14DF91B43294C003D1286 /* EthanolUtilities.framework */ = {isa = PBXFileReference; explicitFileType = wrapper.framework; includeInIndex = 0; path = EthanolUtilities.framework; sourceTree = BUILT_PRODUCTS_DIR; };
		F4C14DFC1B43294C003D1286 /* EthanolUtilities.h */ = {isa = PBXFileReference; lastKnownFileType = sourcecode.c.h; path = EthanolUtilities.h; sourceTree = "<group>"; };
		F4C14DFE1B43294C003D1286 /* Info.plist */ = {isa = PBXFileReference; lastKnownFileType = text.plist.xml; path = Info.plist; sourceTree = "<group>"; };
		F4C14E031B43294C003D1286 /* EthanolUtilitiesTests.xctest */ = {isa = PBXFileReference; explicitFileType = wrapper.cfbundle; includeInIndex = 0; path = EthanolUtilitiesTests.xctest; sourceTree = BUILT_PRODUCTS_DIR; };
		F4C14E081B43294C003D1286 /* EthanolUtilitiesTests.m */ = {isa = PBXFileReference; lastKnownFileType = sourcecode.c.objc; path = EthanolUtilitiesTests.m; sourceTree = "<group>"; };
		F4C14E0A1B43294C003D1286 /* Info.plist */ = {isa = PBXFileReference; lastKnownFileType = text.plist.xml; path = Info.plist; sourceTree = "<group>"; };
/* End PBXFileReference section */

/* Begin PBXFrameworksBuildPhase section */
		F4C14DF51B43294C003D1286 /* Frameworks */ = {
			isa = PBXFrameworksBuildPhase;
			buildActionMask = 2147483647;
			files = (
			);
			runOnlyForDeploymentPostprocessing = 0;
		};
		F4C14E001B43294C003D1286 /* Frameworks */ = {
			isa = PBXFrameworksBuildPhase;
			buildActionMask = 2147483647;
			files = (
				F4C14E041B43294C003D1286 /* EthanolUtilities.framework in Frameworks */,
			);
			runOnlyForDeploymentPostprocessing = 0;
		};
/* End PBXFrameworksBuildPhase section */

/* Begin PBXGroup section */
		F4C14DEF1B43294C003D1286 = {
			isa = PBXGroup;
			children = (
				F4C14DFB1B43294C003D1286 /* EthanolUtilities */,
				F4C14E071B43294C003D1286 /* EthanolUtilitiesTests */,
				F4C14DFA1B43294C003D1286 /* Products */,
			);
			sourceTree = "<group>";
		};
		F4C14DFA1B43294C003D1286 /* Products */ = {
			isa = PBXGroup;
			children = (
				F4C14DF91B43294C003D1286 /* EthanolUtilities.framework */,
				F4C14E031B43294C003D1286 /* EthanolUtilitiesTests.xctest */,
			);
			name = Products;
			sourceTree = "<group>";
		};
		F4C14DFB1B43294C003D1286 /* EthanolUtilities */ = {
			isa = PBXGroup;
			children = (
				F4C14DFC1B43294C003D1286 /* EthanolUtilities.h */,
				F47358761B443DAB007688EC /* CADisplayLink+EthanolBlocks.h */,
				F47358771B443DAB007688EC /* CADisplayLink+EthanolBlocks.m */,
				F47358781B443DAB007688EC /* EthanolArrayUtilities.swift */,
				F47358791B443DAB007688EC /* EthanolSwiftHelpers.swift */,
				F473587A1B443DAB007688EC /* ETHPreprocessorUtils.h */,
				F473587B1B443DAB007688EC /* NSArray+Ethanol.h */,
				F473587C1B443DAB007688EC /* NSArray+Ethanol.m */,
				F473587D1B443DAB007688EC /* NSDictionary+Ethanol.h */,
				F473587E1B443DAB007688EC /* NSDictionary+Ethanol.m */,
				F473587F1B443DAB007688EC /* NSObject+EthanolExecuteOnDealloc.h */,
				F47358801B443DAB007688EC /* NSObject+EthanolExecuteOnDealloc.m */,
				F47358811B443DAB007688EC /* NSObject+EthanolSwizzling.h */,
				F47358821B443DAB007688EC /* NSObject+EthanolSwizzling.m */,
				F47358831B443DAB007688EC /* NSSet+Ethanol.h */,
				F47358841B443DAB007688EC /* NSSet+Ethanol.m */,
				F47358851B443DAB007688EC /* NSString+EthanolUtils.h */,
				F47358861B443DAB007688EC /* NSString+EthanolUtils.m */,
				F47358871B443DAB007688EC /* NSTimer+EthanolBlocks.h */,
				F47358881B443DAB007688EC /* NSTimer+EthanolBlocks.m */,
				F4C14DFE1B43294C003D1286 /* Info.plist */,
			);
			path = EthanolUtilities;
			sourceTree = "<group>";
		};
		F4C14E071B43294C003D1286 /* EthanolUtilitiesTests */ = {
			isa = PBXGroup;
			children = (
				F4C14E081B43294C003D1286 /* EthanolUtilitiesTests.m */,
				F4C14E0A1B43294C003D1286 /* Info.plist */,
			);
			path = EthanolUtilitiesTests;
			sourceTree = "<group>";
		};
/* End PBXGroup section */

/* Begin PBXHeadersBuildPhase section */
		F4C14DF61B43294C003D1286 /* Headers */ = {
			isa = PBXHeadersBuildPhase;
			buildActionMask = 2147483647;
			files = (
				F47358961B443DAB007688EC /* NSSet+Ethanol.h in Headers */,
				F47358921B443DAB007688EC /* NSObject+EthanolExecuteOnDealloc.h in Headers */,
				F473589A1B443DAB007688EC /* NSTimer+EthanolBlocks.h in Headers */,
				F47358901B443DAB007688EC /* NSDictionary+Ethanol.h in Headers */,
				F47358981B443DAB007688EC /* NSString+EthanolUtils.h in Headers */,
				F473588E1B443DAB007688EC /* NSArray+Ethanol.h in Headers */,
				F47358891B443DAB007688EC /* CADisplayLink+EthanolBlocks.h in Headers */,
				F47358941B443DAB007688EC /* NSObject+EthanolSwizzling.h in Headers */,
				F473588D1B443DAB007688EC /* ETHPreprocessorUtils.h in Headers */,
			);
			runOnlyForDeploymentPostprocessing = 0;
		};
/* End PBXHeadersBuildPhase section */

/* Begin PBXNativeTarget section */
		F4C14DF81B43294C003D1286 /* EthanolUtilities */ = {
			isa = PBXNativeTarget;
			buildConfigurationList = F4C14E0D1B43294C003D1286 /* Build configuration list for PBXNativeTarget "EthanolUtilities" */;
			buildPhases = (
				F4C14DF41B43294C003D1286 /* Sources */,
				F4C14DF51B43294C003D1286 /* Frameworks */,
				F4C14DF61B43294C003D1286 /* Headers */,
				F4C14DF71B43294C003D1286 /* Resources */,
			);
			buildRules = (
			);
			dependencies = (
			);
			name = EthanolUtilities;
			productName = EthanolUtilities;
			productReference = F4C14DF91B43294C003D1286 /* EthanolUtilities.framework */;
			productType = "com.apple.product-type.framework";
		};
		F4C14E021B43294C003D1286 /* EthanolUtilitiesTests */ = {
			isa = PBXNativeTarget;
			buildConfigurationList = F4C14E101B43294C003D1286 /* Build configuration list for PBXNativeTarget "EthanolUtilitiesTests" */;
			buildPhases = (
				F4C14DFF1B43294C003D1286 /* Sources */,
				F4C14E001B43294C003D1286 /* Frameworks */,
				F4C14E011B43294C003D1286 /* Resources */,
			);
			buildRules = (
			);
			dependencies = (
				F4C14E061B43294C003D1286 /* PBXTargetDependency */,
			);
			name = EthanolUtilitiesTests;
			productName = EthanolUtilitiesTests;
			productReference = F4C14E031B43294C003D1286 /* EthanolUtilitiesTests.xctest */;
			productType = "com.apple.product-type.bundle.unit-test";
		};
/* End PBXNativeTarget section */

/* Begin PBXProject section */
		F4C14DF01B43294C003D1286 /* Project object */ = {
			isa = PBXProject;
			attributes = {
				LastSwiftUpdateCheck = 0700;
				LastUpgradeCheck = 0700;
				ORGANIZATIONNAME = "Stephane Copin";
				TargetAttributes = {
					F4C14DF81B43294C003D1286 = {
						CreatedOnToolsVersion = 7.0;
					};
					F4C14E021B43294C003D1286 = {
						CreatedOnToolsVersion = 7.0;
					};
				};
			};
			buildConfigurationList = F4C14DF31B43294C003D1286 /* Build configuration list for PBXProject "EthanolUtilities" */;
			compatibilityVersion = "Xcode 3.2";
			developmentRegion = English;
			hasScannedForEncodings = 0;
			knownRegions = (
				en,
			);
			mainGroup = F4C14DEF1B43294C003D1286;
			productRefGroup = F4C14DFA1B43294C003D1286 /* Products */;
			projectDirPath = "";
			projectRoot = "";
			targets = (
				F4C14DF81B43294C003D1286 /* EthanolUtilities */,
				F4C14E021B43294C003D1286 /* EthanolUtilitiesTests */,
			);
		};
/* End PBXProject section */

/* Begin PBXResourcesBuildPhase section */
		F4C14DF71B43294C003D1286 /* Resources */ = {
			isa = PBXResourcesBuildPhase;
			buildActionMask = 2147483647;
			files = (
			);
			runOnlyForDeploymentPostprocessing = 0;
		};
		F4C14E011B43294C003D1286 /* Resources */ = {
			isa = PBXResourcesBuildPhase;
			buildActionMask = 2147483647;
			files = (
			);
			runOnlyForDeploymentPostprocessing = 0;
		};
/* End PBXResourcesBuildPhase section */

/* Begin PBXSourcesBuildPhase section */
		F4C14DF41B43294C003D1286 /* Sources */ = {
			isa = PBXSourcesBuildPhase;
			buildActionMask = 2147483647;
			files = (
				F473588C1B443DAB007688EC /* EthanolSwiftHelpers.swift in Sources */,
				F47358951B443DAB007688EC /* NSObject+EthanolSwizzling.m in Sources */,
				F47358931B443DAB007688EC /* NSObject+EthanolExecuteOnDealloc.m in Sources */,
				F47358911B443DAB007688EC /* NSDictionary+Ethanol.m in Sources */,
				F473588B1B443DAB007688EC /* EthanolArrayUtilities.swift in Sources */,
				F47358971B443DAB007688EC /* NSSet+Ethanol.m in Sources */,
				F473588F1B443DAB007688EC /* NSArray+Ethanol.m in Sources */,
				F47358991B443DAB007688EC /* NSString+EthanolUtils.m in Sources */,
				F473589B1B443DAB007688EC /* NSTimer+EthanolBlocks.m in Sources */,
				F473588A1B443DAB007688EC /* CADisplayLink+EthanolBlocks.m in Sources */,
			);
			runOnlyForDeploymentPostprocessing = 0;
		};
		F4C14DFF1B43294C003D1286 /* Sources */ = {
			isa = PBXSourcesBuildPhase;
			buildActionMask = 2147483647;
			files = (
				F4C14E091B43294C003D1286 /* EthanolUtilitiesTests.m in Sources */,
			);
			runOnlyForDeploymentPostprocessing = 0;
		};
/* End PBXSourcesBuildPhase section */

/* Begin PBXTargetDependency section */
		F4C14E061B43294C003D1286 /* PBXTargetDependency */ = {
			isa = PBXTargetDependency;
			target = F4C14DF81B43294C003D1286 /* EthanolUtilities */;
			targetProxy = F4C14E051B43294C003D1286 /* PBXContainerItemProxy */;
		};
/* End PBXTargetDependency section */

/* Begin XCBuildConfiguration section */
		F4C14E0B1B43294C003D1286 /* Debug */ = {
			isa = XCBuildConfiguration;
			buildSettings = {
				ALWAYS_SEARCH_USER_PATHS = NO;
				CLANG_CXX_LANGUAGE_STANDARD = "gnu++0x";
				CLANG_CXX_LIBRARY = "libc++";
				CLANG_ENABLE_MODULES = YES;
				CLANG_ENABLE_OBJC_ARC = YES;
				CLANG_WARN_BOOL_CONVERSION = YES;
				CLANG_WARN_CONSTANT_CONVERSION = YES;
				CLANG_WARN_DIRECT_OBJC_ISA_USAGE = YES_ERROR;
				CLANG_WARN_EMPTY_BODY = YES;
				CLANG_WARN_ENUM_CONVERSION = YES;
				CLANG_WARN_INT_CONVERSION = YES;
				CLANG_WARN_OBJC_ROOT_CLASS = YES_ERROR;
				CLANG_WARN_UNREACHABLE_CODE = YES;
				CLANG_WARN__DUPLICATE_METHOD_MATCH = YES;
				CODE_SIGN_IDENTITY = "iPhone Developer";
				COPY_PHASE_STRIP = NO;
				CURRENT_PROJECT_VERSION = 1;
				DEBUG_INFORMATION_FORMAT = dwarf;
				ENABLE_STRICT_OBJC_MSGSEND = YES;
				ENABLE_TESTABILITY = YES;
				GCC_C_LANGUAGE_STANDARD = gnu99;
				GCC_DYNAMIC_NO_PIC = NO;
				GCC_NO_COMMON_BLOCKS = YES;
				GCC_OPTIMIZATION_LEVEL = 0;
				GCC_PREPROCESSOR_DEFINITIONS = (
					"DEBUG=1",
					"$(inherited)",
				);
				GCC_WARN_64_TO_32_BIT_CONVERSION = YES;
				GCC_WARN_ABOUT_RETURN_TYPE = YES_ERROR;
				GCC_WARN_UNDECLARED_SELECTOR = YES;
				GCC_WARN_UNINITIALIZED_AUTOS = YES_AGGRESSIVE;
				GCC_WARN_UNUSED_FUNCTION = YES;
				GCC_WARN_UNUSED_VARIABLE = YES;
				HEADER_SEARCH_PATHS = "$(PROJECT_DIR)";
				IPHONEOS_DEPLOYMENT_TARGET = 8.0;
				MTL_ENABLE_DEBUG_INFO = YES;
				ONLY_ACTIVE_ARCH = YES;
				SDKROOT = iphoneos;
				TARGETED_DEVICE_FAMILY = "1,2";
				VERSIONING_SYSTEM = "apple-generic";
				VERSION_INFO_PREFIX = "";
			};
			name = Debug;
		};
		F4C14E0C1B43294C003D1286 /* Release */ = {
			isa = XCBuildConfiguration;
			buildSettings = {
				ALWAYS_SEARCH_USER_PATHS = NO;
				CLANG_CXX_LANGUAGE_STANDARD = "gnu++0x";
				CLANG_CXX_LIBRARY = "libc++";
				CLANG_ENABLE_MODULES = YES;
				CLANG_ENABLE_OBJC_ARC = YES;
				CLANG_WARN_BOOL_CONVERSION = YES;
				CLANG_WARN_CONSTANT_CONVERSION = YES;
				CLANG_WARN_DIRECT_OBJC_ISA_USAGE = YES_ERROR;
				CLANG_WARN_EMPTY_BODY = YES;
				CLANG_WARN_ENUM_CONVERSION = YES;
				CLANG_WARN_INT_CONVERSION = YES;
				CLANG_WARN_OBJC_ROOT_CLASS = YES_ERROR;
				CLANG_WARN_UNREACHABLE_CODE = YES;
				CLANG_WARN__DUPLICATE_METHOD_MATCH = YES;
				CODE_SIGN_IDENTITY = "iPhone Distribution";
				COPY_PHASE_STRIP = NO;
				CURRENT_PROJECT_VERSION = 1;
				DEBUG_INFORMATION_FORMAT = "dwarf-with-dsym";
				ENABLE_NS_ASSERTIONS = NO;
				ENABLE_STRICT_OBJC_MSGSEND = YES;
				GCC_C_LANGUAGE_STANDARD = gnu99;
				GCC_NO_COMMON_BLOCKS = YES;
				GCC_WARN_64_TO_32_BIT_CONVERSION = YES;
				GCC_WARN_ABOUT_RETURN_TYPE = YES_ERROR;
				GCC_WARN_UNDECLARED_SELECTOR = YES;
				GCC_WARN_UNINITIALIZED_AUTOS = YES_AGGRESSIVE;
				GCC_WARN_UNUSED_FUNCTION = YES;
				GCC_WARN_UNUSED_VARIABLE = YES;
				HEADER_SEARCH_PATHS = "$(PROJECT_DIR)";
				IPHONEOS_DEPLOYMENT_TARGET = 8.0;
				MTL_ENABLE_DEBUG_INFO = NO;
				SDKROOT = iphoneos;
				TARGETED_DEVICE_FAMILY = "1,2";
				VALIDATE_PRODUCT = YES;
				VERSIONING_SYSTEM = "apple-generic";
				VERSION_INFO_PREFIX = "";
			};
			name = Release;
		};
		F4C14E0E1B43294C003D1286 /* Debug */ = {
			isa = XCBuildConfiguration;
			buildSettings = {
				CLANG_ENABLE_MODULES = YES;
				DEFINES_MODULE = YES;
				DYLIB_COMPATIBILITY_VERSION = 1;
				DYLIB_CURRENT_VERSION = 1;
				DYLIB_INSTALL_NAME_BASE = "@rpath";
				INFOPLIST_FILE = EthanolUtilities/Info.plist;
				INSTALL_PATH = "$(LOCAL_LIBRARY_DIR)/Frameworks";
				LD_RUNPATH_SEARCH_PATHS = "$(inherited) @executable_path/Frameworks @loader_path/Frameworks";
				PRODUCT_BUNDLE_IDENTIFIER = com.fueled.EthanolUtilities;
				PRODUCT_NAME = "$(TARGET_NAME)";
				SKIP_INSTALL = YES;
				SWIFT_OPTIMIZATION_LEVEL = "-Onone";
			};
			name = Debug;
		};
		F4C14E0F1B43294C003D1286 /* Release */ = {
			isa = XCBuildConfiguration;
			buildSettings = {
				CLANG_ENABLE_MODULES = YES;
				DEFINES_MODULE = YES;
				DYLIB_COMPATIBILITY_VERSION = 1;
				DYLIB_CURRENT_VERSION = 1;
				DYLIB_INSTALL_NAME_BASE = "@rpath";
				INFOPLIST_FILE = EthanolUtilities/Info.plist;
				INSTALL_PATH = "$(LOCAL_LIBRARY_DIR)/Frameworks";
				LD_RUNPATH_SEARCH_PATHS = "$(inherited) @executable_path/Frameworks @loader_path/Frameworks";
				PRODUCT_BUNDLE_IDENTIFIER = com.fueled.EthanolUtilities;
				PRODUCT_NAME = "$(TARGET_NAME)";
				SKIP_INSTALL = YES;
			};
			name = Release;
		};
		F4C14E111B43294C003D1286 /* Debug */ = {
			isa = XCBuildConfiguration;
			buildSettings = {
				INFOPLIST_FILE = EthanolUtilitiesTests/Info.plist;
				LD_RUNPATH_SEARCH_PATHS = "$(inherited) @executable_path/Frameworks @loader_path/Frameworks";
				PRODUCT_BUNDLE_IDENTIFIER = com.fueled.EthanolUtilitiesTests;
				PRODUCT_NAME = "$(TARGET_NAME)";
			};
			name = Debug;
		};
		F4C14E121B43294C003D1286 /* Release */ = {
			isa = XCBuildConfiguration;
			buildSettings = {
				INFOPLIST_FILE = EthanolUtilitiesTests/Info.plist;
				LD_RUNPATH_SEARCH_PATHS = "$(inherited) @executable_path/Frameworks @loader_path/Frameworks";
				PRODUCT_BUNDLE_IDENTIFIER = com.fueled.EthanolUtilitiesTests;
				PRODUCT_NAME = "$(TARGET_NAME)";
			};
			name = Release;
		};
/* End XCBuildConfiguration section */

/* Begin XCConfigurationList section */
		F4C14DF31B43294C003D1286 /* Build configuration list for PBXProject "EthanolUtilities" */ = {
			isa = XCConfigurationList;
			buildConfigurations = (
				F4C14E0B1B43294C003D1286 /* Debug */,
				F4C14E0C1B43294C003D1286 /* Release */,
			);
			defaultConfigurationIsVisible = 0;
			defaultConfigurationName = Release;
		};
		F4C14E0D1B43294C003D1286 /* Build configuration list for PBXNativeTarget "EthanolUtilities" */ = {
			isa = XCConfigurationList;
			buildConfigurations = (
				F4C14E0E1B43294C003D1286 /* Debug */,
				F4C14E0F1B43294C003D1286 /* Release */,
			);
			defaultConfigurationIsVisible = 0;
			defaultConfigurationName = Release;
		};
		F4C14E101B43294C003D1286 /* Build configuration list for PBXNativeTarget "EthanolUtilitiesTests" */ = {
			isa = XCConfigurationList;
			buildConfigurations = (
				F4C14E111B43294C003D1286 /* Debug */,
				F4C14E121B43294C003D1286 /* Release */,
			);
			defaultConfigurationIsVisible = 0;
			defaultConfigurationName = Release;
		};
/* End XCConfigurationList section */
	};
	rootObject = F4C14DF01B43294C003D1286 /* Project object */;
}
